{
  "name": "mail_parser",
  "version": "1.0.0",
  "lockfileVersion": 2,
  "requires": true,
  "packages": {
    "": {
      "name": "mail_parser",
      "version": "1.0.0",
      "license": "ISC",
      "dependencies": {
        "@types/numeral": "^2.0.2",
        "iter-ops": "^3.0.7",
        "numeral": "^2.0.6"
      },
      "devDependencies": {
        "@types/node": "^18.11.18",
        "typescript": "^4.9.4"
      }
    },
    "node_modules/@types/node": {
      "version": "18.11.18",
      "resolved": "https://registry.npmjs.org/@types/node/-/node-18.11.18.tgz",
      "integrity": "sha512-DHQpWGjyQKSHj3ebjFI/wRKcqQcdR+MoFBygntYOZytCqNfkd2ZC4ARDJ2DQqhjH5p85Nnd3jhUJIXrszFX/JA==",
      "dev": true
    },
    "node_modules/@types/numeral": {
      "version": "2.0.2",
      "resolved": "https://registry.npmjs.org/@types/numeral/-/numeral-2.0.2.tgz",
      "integrity": "sha512-A8F30k2gYJ/6e07spSCPpkuZu79LCnkPTvqmIWQzNGcrzwFKpVOydG41lNt5wZXjSI149qjyzC2L1+F2PD/NUA=="
    },
    "node_modules/iter-ops": {
      "version": "3.0.7",
      "resolved": "https://registry.npmjs.org/iter-ops/-/iter-ops-3.0.7.tgz",
      "integrity": "sha512-D1oYcUhixPfn3vgJ48SQyJQiMSx2XMb7dViEiBLsxiG7VShuyj86RudFhoIMxA6UZMByIt7bYnwHLK5IL5ZSWw==",
      "engines": {
        "node": ">=14"
      }
    },
    "node_modules/numeral": {
      "version": "2.0.6",
      "resolved": "https://registry.npmjs.org/numeral/-/numeral-2.0.6.tgz",
      "integrity": "sha512-qaKRmtYPZ5qdw4jWJD6bxEf1FJEqllJrwxCLIm0sQU/A7v2/czigzOb+C2uSiFsa9lBUzeH7M1oK+Q+OLxL3kA==",
      "engines": {
        "node": "*"
      }
    },
    "node_modules/typescript": {
      "version": "4.9.4",
      "resolved": "https://registry.npmjs.org/typescript/-/typescript-4.9.4.tgz",
      "integrity": "sha512-Uz+dTXYzxXXbsFpM86Wh3dKCxrQqUcVMxwU54orwlJjOpO3ao8L7j5lH+dWfTwgCwIuM9GQ2kvVotzYJMXTBZg==",
      "dev": true,
      "bin": {
        "tsc": "bin/tsc",
        "tsserver": "bin/tsserver"
      },
      "engines": {
        "node": ">=4.2.0"
      }
    }
  },
  "dependencies": {
    "@types/node": {
      "version": "18.11.18",
      "resolved": "https://registry.npmjs.org/@types/node/-/node-18.11.18.tgz",
      "integrity": "sha512-DHQpWGjyQKSHj3ebjFI/wRKcqQcdR+MoFBygntYOZytCqNfkd2ZC4ARDJ2DQqhjH5p85Nnd3jhUJIXrszFX/JA==",
      "dev": true
    },
    "@types/numeral": {
      "version": "2.0.2",
      "resolved": "https://registry.npmjs.org/@types/numeral/-/numeral-2.0.2.tgz",
      "integrity": "sha512-A8F30k2gYJ/6e07spSCPpkuZu79LCnkPTvqmIWQzNGcrzwFKpVOydG41lNt5wZXjSI149qjyzC2L1+F2PD/NUA=="
    },
    "iter-ops": {
      "version": "3.0.7",
      "resolved": "https://registry.npmjs.org/iter-ops/-/iter-ops-3.0.7.tgz",
      "integrity": "sha512-D1oYcUhixPfn3vgJ48SQyJQiMSx2XMb7dViEiBLsxiG7VShuyj86RudFhoIMxA6UZMByIt7bYnwHLK5IL5ZSWw=="
    },
    "numeral": {
      "version": "2.0.6",
      "resolved": "https://registry.npmjs.org/numeral/-/numeral-2.0.6.tgz",
      "integrity": "sha512-qaKRmtYPZ5qdw4jWJD6bxEf1FJEqllJrwxCLIm0sQU/A7v2/czigzOb+C2uSiFsa9lBUzeH7M1oK+Q+OLxL3kA=="
    },
    "typescript": {
      "version": "4.9.4",
      "resolved": "https://registry.npmjs.org/typescript/-/typescript-4.9.4.tgz",
      "integrity": "sha512-Uz+dTXYzxXXbsFpM86Wh3dKCxrQqUcVMxwU54orwlJjOpO3ao8L7j5lH+dWfTwgCwIuM9GQ2kvVotzYJMXTBZg==",
      "dev": true
    }
  }
}
